// !$*UTF8*$!
{
	archiveVersion = 1;
	classes = {
	};
	objectVersion = 46;
	objects = {

/* Begin PBXBuildFile section */
		713A92CB1EC0DDA2009C2413 /* main.m in Sources */ = {isa = PBXBuildFile; fileRef = 713A92CA1EC0DDA2009C2413 /* main.m */; };
		713A92CE1EC0DDA2009C2413 /* AppDelegate.m in Sources */ = {isa = PBXBuildFile; fileRef = 713A92CD1EC0DDA2009C2413 /* AppDelegate.m */; };
		713A92D11EC0DDA2009C2413 /* ViewController.m in Sources */ = {isa = PBXBuildFile; fileRef = 713A92D01EC0DDA2009C2413 /* ViewController.m */; };
		713A92D41EC0DDA2009C2413 /* Main.storyboard in Resources */ = {isa = PBXBuildFile; fileRef = 713A92D21EC0DDA2009C2413 /* Main.storyboard */; };
		713A92D61EC0DDA2009C2413 /* Assets.xcassets in Resources */ = {isa = PBXBuildFile; fileRef = 713A92D51EC0DDA2009C2413 /* Assets.xcassets */; };
		713A92D91EC0DDA2009C2413 /* LaunchScreen.storyboard in Resources */ = {isa = PBXBuildFile; fileRef = 713A92D71EC0DDA2009C2413 /* LaunchScreen.storyboard */; };
		713A92E11EC0DFF8009C2413 /* GoogleService-Info.plist in Resources */ = {isa = PBXBuildFile; fileRef = 713A92E01EC0DFF8009C2413 /* GoogleService-Info.plist */; };
		713A92E41EC0EBCA009C2413 /* LoginViewController.m in Sources */ = {isa = PBXBuildFile; fileRef = 713A92E31EC0EBCA009C2413 /* LoginViewController.m */; };
		713A92E71EC10E66009C2413 /* NewTodoViewController.m in Sources */ = {isa = PBXBuildFile; fileRef = 713A92E61EC10E66009C2413 /* NewTodoViewController.m */; };
		713A92ED1EC13B98009C2413 /* Todo.m in Sources */ = {isa = PBXBuildFile; fileRef = 713A92EC1EC13B98009C2413 /* Todo.m */; };
		713A92F41EC233B5009C2413 /* Interface.storyboard in Resources */ = {isa = PBXBuildFile; fileRef = 713A92F21EC233B5009C2413 /* Interface.storyboard */; };
		713A92F61EC233B5009C2413 /* Assets.xcassets in Resources */ = {isa = PBXBuildFile; fileRef = 713A92F51EC233B5009C2413 /* Assets.xcassets */; };
		713A92FD1EC233B5009C2413 /* Watchkit-todo-list Extension.appex in Embed App Extensions */ = {isa = PBXBuildFile; fileRef = 713A92FC1EC233B5009C2413 /* Watchkit-todo-list Extension.appex */; settings = {ATTRIBUTES = (RemoveHeadersOnCopy, ); }; };
		713A93031EC233B5009C2413 /* InterfaceController.m in Sources */ = {isa = PBXBuildFile; fileRef = 713A93021EC233B5009C2413 /* InterfaceController.m */; };
		713A93061EC233B5009C2413 /* ExtensionDelegate.m in Sources */ = {isa = PBXBuildFile; fileRef = 713A93051EC233B5009C2413 /* ExtensionDelegate.m */; };
		713A93081EC233B5009C2413 /* Assets.xcassets in Resources */ = {isa = PBXBuildFile; fileRef = 713A93071EC233B5009C2413 /* Assets.xcassets */; };
		713A930C1EC233B5009C2413 /* Watchkit-todo-list.app in Embed Watch Content */ = {isa = PBXBuildFile; fileRef = 713A92F01EC233B5009C2413 /* Watchkit-todo-list.app */; };
		713A93171EC23F3C009C2413 /* TodoRowController.m in Sources */ = {isa = PBXBuildFile; fileRef = 713A93161EC23F3C009C2413 /* TodoRowController.m */; };
		713A93181EC2427A009C2413 /* Todo.m in Sources */ = {isa = PBXBuildFile; fileRef = 713A92EC1EC13B98009C2413 /* Todo.m */; };
		713A93211EC246C1009C2413 /* main.m in Sources */ = {isa = PBXBuildFile; fileRef = 713A93201EC246C1009C2413 /* main.m */; };
		713A93241EC246C1009C2413 /* AppDelegate.m in Sources */ = {isa = PBXBuildFile; fileRef = 713A93231EC246C1009C2413 /* AppDelegate.m */; };
		713A932A1EC246C1009C2413 /* Main.storyboard in Resources */ = {isa = PBXBuildFile; fileRef = 713A93281EC246C1009C2413 /* Main.storyboard */; };
		713A932C1EC246C1009C2413 /* Assets.xcassets in Resources */ = {isa = PBXBuildFile; fileRef = 713A932B1EC246C1009C2413 /* Assets.xcassets */; };
		713A93331EC248B4009C2413 /* TVHomeViewController.m in Sources */ = {isa = PBXBuildFile; fileRef = 713A93321EC248B4009C2413 /* TVHomeViewController.m */; };
		713A93341EC249C7009C2413 /* Todo.m in Sources */ = {isa = PBXBuildFile; fileRef = 713A92EC1EC13B98009C2413 /* Todo.m */; };
		AB296A59B292495DCA82365D /* libPods-CrossPlatformToDoList.a in Frameworks */ = {isa = PBXBuildFile; fileRef = DBB1DA2742568F7D4F822A5D /* libPods-CrossPlatformToDoList.a */; };
/* End PBXBuildFile section */

/* Begin PBXContainerItemProxy section */
		713A92FE1EC233B5009C2413 /* PBXContainerItemProxy */ = {
			isa = PBXContainerItemProxy;
			containerPortal = 713A92BE1EC0DDA2009C2413 /* Project object */;
			proxyType = 1;
			remoteGlobalIDString = 713A92FB1EC233B5009C2413;
			remoteInfo = "Watchkit-todo-list Extension";
		};
		713A930A1EC233B5009C2413 /* PBXContainerItemProxy */ = {
			isa = PBXContainerItemProxy;
			containerPortal = 713A92BE1EC0DDA2009C2413 /* Project object */;
			proxyType = 1;
			remoteGlobalIDString = 713A92EF1EC233B5009C2413;
			remoteInfo = "Watchkit-todo-list";
		};
/* End PBXContainerItemProxy section */

/* Begin PBXCopyFilesBuildPhase section */
		713A93101EC233B5009C2413 /* Embed App Extensions */ = {
			isa = PBXCopyFilesBuildPhase;
			buildActionMask = 2147483647;
			dstPath = "";
			dstSubfolderSpec = 13;
			files = (
				713A92FD1EC233B5009C2413 /* Watchkit-todo-list Extension.appex in Embed App Extensions */,
			);
			name = "Embed App Extensions";
			runOnlyForDeploymentPostprocessing = 0;
		};
		713A93141EC233B5009C2413 /* Embed Watch Content */ = {
			isa = PBXCopyFilesBuildPhase;
			buildActionMask = 2147483647;
			dstPath = "$(CONTENTS_FOLDER_PATH)/Watch";
			dstSubfolderSpec = 16;
			files = (
				713A930C1EC233B5009C2413 /* Watchkit-todo-list.app in Embed Watch Content */,
			);
			name = "Embed Watch Content";
			runOnlyForDeploymentPostprocessing = 0;
		};
/* End PBXCopyFilesBuildPhase section */

/* Begin PBXFileReference section */
		713A92C61EC0DDA2009C2413 /* CrossPlatformToDoList.app */ = {isa = PBXFileReference; explicitFileType = wrapper.application; includeInIndex = 0; path = CrossPlatformToDoList.app; sourceTree = BUILT_PRODUCTS_DIR; };
		713A92CA1EC0DDA2009C2413 /* main.m */ = {isa = PBXFileReference; lastKnownFileType = sourcecode.c.objc; path = main.m; sourceTree = "<group>"; };
		713A92CC1EC0DDA2009C2413 /* AppDelegate.h */ = {isa = PBXFileReference; lastKnownFileType = sourcecode.c.h; path = AppDelegate.h; sourceTree = "<group>"; };
		713A92CD1EC0DDA2009C2413 /* AppDelegate.m */ = {isa = PBXFileReference; lastKnownFileType = sourcecode.c.objc; path = AppDelegate.m; sourceTree = "<group>"; };
		713A92CF1EC0DDA2009C2413 /* ViewController.h */ = {isa = PBXFileReference; lastKnownFileType = sourcecode.c.h; path = ViewController.h; sourceTree = "<group>"; };
		713A92D01EC0DDA2009C2413 /* ViewController.m */ = {isa = PBXFileReference; lastKnownFileType = sourcecode.c.objc; path = ViewController.m; sourceTree = "<group>"; };
		713A92D31EC0DDA2009C2413 /* Base */ = {isa = PBXFileReference; lastKnownFileType = file.storyboard; name = Base; path = Base.lproj/Main.storyboard; sourceTree = "<group>"; };
		713A92D51EC0DDA2009C2413 /* Assets.xcassets */ = {isa = PBXFileReference; lastKnownFileType = folder.assetcatalog; path = Assets.xcassets; sourceTree = "<group>"; };
		713A92D81EC0DDA2009C2413 /* Base */ = {isa = PBXFileReference; lastKnownFileType = file.storyboard; name = Base; path = Base.lproj/LaunchScreen.storyboard; sourceTree = "<group>"; };
		713A92DA1EC0DDA2009C2413 /* Info.plist */ = {isa = PBXFileReference; lastKnownFileType = text.plist.xml; path = Info.plist; sourceTree = "<group>"; };
		713A92E01EC0DFF8009C2413 /* GoogleService-Info.plist */ = {isa = PBXFileReference; fileEncoding = 4; lastKnownFileType = text.plist.xml; path = "GoogleService-Info.plist"; sourceTree = "<group>"; };
		713A92E21EC0EBCA009C2413 /* LoginViewController.h */ = {isa = PBXFileReference; fileEncoding = 4; lastKnownFileType = sourcecode.c.h; path = LoginViewController.h; sourceTree = "<group>"; };
		713A92E31EC0EBCA009C2413 /* LoginViewController.m */ = {isa = PBXFileReference; fileEncoding = 4; lastKnownFileType = sourcecode.c.objc; path = LoginViewController.m; sourceTree = "<group>"; };
		713A92E51EC10E66009C2413 /* NewTodoViewController.h */ = {isa = PBXFileReference; fileEncoding = 4; lastKnownFileType = sourcecode.c.h; path = NewTodoViewController.h; sourceTree = "<group>"; };
		713A92E61EC10E66009C2413 /* NewTodoViewController.m */ = {isa = PBXFileReference; fileEncoding = 4; lastKnownFileType = sourcecode.c.objc; path = NewTodoViewController.m; sourceTree = "<group>"; };
		713A92EB1EC13B98009C2413 /* Todo.h */ = {isa = PBXFileReference; fileEncoding = 4; lastKnownFileType = sourcecode.c.h; path = Todo.h; sourceTree = "<group>"; };
		713A92EC1EC13B98009C2413 /* Todo.m */ = {isa = PBXFileReference; fileEncoding = 4; lastKnownFileType = sourcecode.c.objc; path = Todo.m; sourceTree = "<group>"; };
		713A92F01EC233B5009C2413 /* Watchkit-todo-list.app */ = {isa = PBXFileReference; explicitFileType = wrapper.application; includeInIndex = 0; path = "Watchkit-todo-list.app"; sourceTree = BUILT_PRODUCTS_DIR; };
		713A92F31EC233B5009C2413 /* Base */ = {isa = PBXFileReference; lastKnownFileType = file.storyboard; name = Base; path = Base.lproj/Interface.storyboard; sourceTree = "<group>"; };
		713A92F51EC233B5009C2413 /* Assets.xcassets */ = {isa = PBXFileReference; lastKnownFileType = folder.assetcatalog; path = Assets.xcassets; sourceTree = "<group>"; };
		713A92F71EC233B5009C2413 /* Info.plist */ = {isa = PBXFileReference; lastKnownFileType = text.plist.xml; path = Info.plist; sourceTree = "<group>"; };
		713A92FC1EC233B5009C2413 /* Watchkit-todo-list Extension.appex */ = {isa = PBXFileReference; explicitFileType = "wrapper.app-extension"; includeInIndex = 0; path = "Watchkit-todo-list Extension.appex"; sourceTree = BUILT_PRODUCTS_DIR; };
		713A93011EC233B5009C2413 /* InterfaceController.h */ = {isa = PBXFileReference; lastKnownFileType = sourcecode.c.h; path = InterfaceController.h; sourceTree = "<group>"; };
		713A93021EC233B5009C2413 /* InterfaceController.m */ = {isa = PBXFileReference; lastKnownFileType = sourcecode.c.objc; path = InterfaceController.m; sourceTree = "<group>"; };
		713A93041EC233B5009C2413 /* ExtensionDelegate.h */ = {isa = PBXFileReference; lastKnownFileType = sourcecode.c.h; path = ExtensionDelegate.h; sourceTree = "<group>"; };
		713A93051EC233B5009C2413 /* ExtensionDelegate.m */ = {isa = PBXFileReference; lastKnownFileType = sourcecode.c.objc; path = ExtensionDelegate.m; sourceTree = "<group>"; };
		713A93071EC233B5009C2413 /* Assets.xcassets */ = {isa = PBXFileReference; lastKnownFileType = folder.assetcatalog; path = Assets.xcassets; sourceTree = "<group>"; };
		713A93091EC233B5009C2413 /* Info.plist */ = {isa = PBXFileReference; lastKnownFileType = text.plist.xml; path = Info.plist; sourceTree = "<group>"; };
		713A93151EC23F3C009C2413 /* TodoRowController.h */ = {isa = PBXFileReference; fileEncoding = 4; lastKnownFileType = sourcecode.c.h; path = TodoRowController.h; sourceTree = "<group>"; };
		713A93161EC23F3C009C2413 /* TodoRowController.m */ = {isa = PBXFileReference; fileEncoding = 4; lastKnownFileType = sourcecode.c.objc; path = TodoRowController.m; sourceTree = "<group>"; };
		713A931D1EC246C1009C2413 /* TV-todo-list.app */ = {isa = PBXFileReference; explicitFileType = wrapper.application; includeInIndex = 0; path = "TV-todo-list.app"; sourceTree = BUILT_PRODUCTS_DIR; };
		713A93201EC246C1009C2413 /* main.m */ = {isa = PBXFileReference; lastKnownFileType = sourcecode.c.objc; path = main.m; sourceTree = "<group>"; };
		713A93221EC246C1009C2413 /* AppDelegate.h */ = {isa = PBXFileReference; lastKnownFileType = sourcecode.c.h; path = AppDelegate.h; sourceTree = "<group>"; };
		713A93231EC246C1009C2413 /* AppDelegate.m */ = {isa = PBXFileReference; lastKnownFileType = sourcecode.c.objc; path = AppDelegate.m; sourceTree = "<group>"; };
		713A93291EC246C1009C2413 /* Base */ = {isa = PBXFileReference; lastKnownFileType = file.storyboard; name = Base; path = Base.lproj/Main.storyboard; sourceTree = "<group>"; };
		713A932B1EC246C1009C2413 /* Assets.xcassets */ = {isa = PBXFileReference; lastKnownFileType = folder.assetcatalog; path = Assets.xcassets; sourceTree = "<group>"; };
		713A932D1EC246C1009C2413 /* Info.plist */ = {isa = PBXFileReference; lastKnownFileType = text.plist.xml; path = Info.plist; sourceTree = "<group>"; };
		713A93311EC248B4009C2413 /* TVHomeViewController.h */ = {isa = PBXFileReference; fileEncoding = 4; lastKnownFileType = sourcecode.c.h; path = TVHomeViewController.h; sourceTree = "<group>"; };
		713A93321EC248B4009C2413 /* TVHomeViewController.m */ = {isa = PBXFileReference; fileEncoding = 4; lastKnownFileType = sourcecode.c.objc; path = TVHomeViewController.m; sourceTree = "<group>"; };
		DBB1DA2742568F7D4F822A5D /* libPods-CrossPlatformToDoList.a */ = {isa = PBXFileReference; explicitFileType = archive.ar; includeInIndex = 0; path = "libPods-CrossPlatformToDoList.a"; sourceTree = BUILT_PRODUCTS_DIR; };
		E5F04E52D8EC02875E1F7008 /* Pods-CrossPlatformToDoList.debug.xcconfig */ = {isa = PBXFileReference; includeInIndex = 1; lastKnownFileType = text.xcconfig; name = "Pods-CrossPlatformToDoList.debug.xcconfig"; path = "Pods/Target Support Files/Pods-CrossPlatformToDoList/Pods-CrossPlatformToDoList.debug.xcconfig"; sourceTree = "<group>"; };
		F64A44B2AB73856C4877B0AF /* Pods-CrossPlatformToDoList.release.xcconfig */ = {isa = PBXFileReference; includeInIndex = 1; lastKnownFileType = text.xcconfig; name = "Pods-CrossPlatformToDoList.release.xcconfig"; path = "Pods/Target Support Files/Pods-CrossPlatformToDoList/Pods-CrossPlatformToDoList.release.xcconfig"; sourceTree = "<group>"; };
/* End PBXFileReference section */

/* Begin PBXFrameworksBuildPhase section */
		713A92C31EC0DDA2009C2413 /* Frameworks */ = {
			isa = PBXFrameworksBuildPhase;
			buildActionMask = 2147483647;
			files = (
				AB296A59B292495DCA82365D /* libPods-CrossPlatformToDoList.a in Frameworks */,
			);
			runOnlyForDeploymentPostprocessing = 0;
		};
		713A92F91EC233B5009C2413 /* Frameworks */ = {
			isa = PBXFrameworksBuildPhase;
			buildActionMask = 2147483647;
			files = (
			);
			runOnlyForDeploymentPostprocessing = 0;
		};
		713A931A1EC246C1009C2413 /* Frameworks */ = {
			isa = PBXFrameworksBuildPhase;
			buildActionMask = 2147483647;
			files = (
			);
			runOnlyForDeploymentPostprocessing = 0;
		};
/* End PBXFrameworksBuildPhase section */

/* Begin PBXGroup section */
		264C9FAF7A217B6FEE76C77C /* Frameworks */ = {
			isa = PBXGroup;
			children = (
				DBB1DA2742568F7D4F822A5D /* libPods-CrossPlatformToDoList.a */,
			);
			name = Frameworks;
			sourceTree = "<group>";
		};
		4B13CBE7B541AEC7B21DB402 /* Pods */ = {
			isa = PBXGroup;
			children = (
				E5F04E52D8EC02875E1F7008 /* Pods-CrossPlatformToDoList.debug.xcconfig */,
				F64A44B2AB73856C4877B0AF /* Pods-CrossPlatformToDoList.release.xcconfig */,
			);
			name = Pods;
			sourceTree = "<group>";
		};
		713A92BD1EC0DDA2009C2413 = {
			isa = PBXGroup;
			children = (
				713A92C81EC0DDA2009C2413 /* CrossPlatformToDoList */,
				713A92F11EC233B5009C2413 /* Watchkit-todo-list */,
				713A93001EC233B5009C2413 /* Watchkit-todo-list Extension */,
				713A931E1EC246C1009C2413 /* TV-todo-list */,
				713A92C71EC0DDA2009C2413 /* Products */,
				4B13CBE7B541AEC7B21DB402 /* Pods */,
				264C9FAF7A217B6FEE76C77C /* Frameworks */,
			);
			sourceTree = "<group>";
		};
		713A92C71EC0DDA2009C2413 /* Products */ = {
			isa = PBXGroup;
			children = (
				713A92C61EC0DDA2009C2413 /* CrossPlatformToDoList.app */,
				713A92F01EC233B5009C2413 /* Watchkit-todo-list.app */,
				713A92FC1EC233B5009C2413 /* Watchkit-todo-list Extension.appex */,
				713A931D1EC246C1009C2413 /* TV-todo-list.app */,
			);
			name = Products;
			sourceTree = "<group>";
		};
		713A92C81EC0DDA2009C2413 /* CrossPlatformToDoList */ = {
			isa = PBXGroup;
			children = (
				713A92E91EC13B66009C2413 /* Model */,
				713A92E81EC13B2A009C2413 /* Controller */,
				713A92EA1EC13B72009C2413 /* View */,
				713A92D51EC0DDA2009C2413 /* Assets.xcassets */,
				713A92DA1EC0DDA2009C2413 /* Info.plist */,
				713A92E01EC0DFF8009C2413 /* GoogleService-Info.plist */,
				713A92C91EC0DDA2009C2413 /* Supporting Files */,
			);
			path = CrossPlatformToDoList;
			sourceTree = "<group>";
		};
		713A92C91EC0DDA2009C2413 /* Supporting Files */ = {
			isa = PBXGroup;
			children = (
				713A92CA1EC0DDA2009C2413 /* main.m */,
			);
			name = "Supporting Files";
			sourceTree = "<group>";
		};
		713A92E81EC13B2A009C2413 /* Controller */ = {
			isa = PBXGroup;
			children = (
				713A92CF1EC0DDA2009C2413 /* ViewController.h */,
				713A92D01EC0DDA2009C2413 /* ViewController.m */,
				713A92E51EC10E66009C2413 /* NewTodoViewController.h */,
				713A92E61EC10E66009C2413 /* NewTodoViewController.m */,
				713A92E21EC0EBCA009C2413 /* LoginViewController.h */,
				713A92E31EC0EBCA009C2413 /* LoginViewController.m */,
			);
			name = Controller;
			sourceTree = "<group>";
		};
		713A92E91EC13B66009C2413 /* Model */ = {
			isa = PBXGroup;
			children = (
				713A92CC1EC0DDA2009C2413 /* AppDelegate.h */,
				713A92CD1EC0DDA2009C2413 /* AppDelegate.m */,
				713A92EB1EC13B98009C2413 /* Todo.h */,
				713A92EC1EC13B98009C2413 /* Todo.m */,
			);
			name = Model;
			sourceTree = "<group>";
		};
		713A92EA1EC13B72009C2413 /* View */ = {
			isa = PBXGroup;
			children = (
				713A92D21EC0DDA2009C2413 /* Main.storyboard */,
				713A92D71EC0DDA2009C2413 /* LaunchScreen.storyboard */,
			);
			name = View;
			sourceTree = "<group>";
		};
		713A92F11EC233B5009C2413 /* Watchkit-todo-list */ = {
			isa = PBXGroup;
			children = (
				713A92F21EC233B5009C2413 /* Interface.storyboard */,
				713A92F51EC233B5009C2413 /* Assets.xcassets */,
				713A92F71EC233B5009C2413 /* Info.plist */,
			);
			path = "Watchkit-todo-list";
			sourceTree = "<group>";
		};
		713A93001EC233B5009C2413 /* Watchkit-todo-list Extension */ = {
			isa = PBXGroup;
			children = (
				713A93151EC23F3C009C2413 /* TodoRowController.h */,
				713A93161EC23F3C009C2413 /* TodoRowController.m */,
				713A93011EC233B5009C2413 /* InterfaceController.h */,
				713A93021EC233B5009C2413 /* InterfaceController.m */,
				713A93041EC233B5009C2413 /* ExtensionDelegate.h */,
				713A93051EC233B5009C2413 /* ExtensionDelegate.m */,
				713A93071EC233B5009C2413 /* Assets.xcassets */,
				713A93091EC233B5009C2413 /* Info.plist */,
			);
			path = "Watchkit-todo-list Extension";
			sourceTree = "<group>";
		};
		713A931E1EC246C1009C2413 /* TV-todo-list */ = {
			isa = PBXGroup;
			children = (
				713A93221EC246C1009C2413 /* AppDelegate.h */,
				713A93231EC246C1009C2413 /* AppDelegate.m */,
				713A93281EC246C1009C2413 /* Main.storyboard */,
				713A93311EC248B4009C2413 /* TVHomeViewController.h */,
				713A93321EC248B4009C2413 /* TVHomeViewController.m */,
				713A932B1EC246C1009C2413 /* Assets.xcassets */,
				713A932D1EC246C1009C2413 /* Info.plist */,
				713A931F1EC246C1009C2413 /* Supporting Files */,
			);
			path = "TV-todo-list";
			sourceTree = "<group>";
		};
		713A931F1EC246C1009C2413 /* Supporting Files */ = {
			isa = PBXGroup;
			children = (
				713A93201EC246C1009C2413 /* main.m */,
			);
			name = "Supporting Files";
			sourceTree = "<group>";
		};
/* End PBXGroup section */

/* Begin PBXNativeTarget section */
		713A92C51EC0DDA2009C2413 /* CrossPlatformToDoList */ = {
			isa = PBXNativeTarget;
			buildConfigurationList = 713A92DD1EC0DDA2009C2413 /* Build configuration list for PBXNativeTarget "CrossPlatformToDoList" */;
			buildPhases = (
				C4B6890AC5EFD562BEB4A127 /* [CP] Check Pods Manifest.lock */,
				713A92C21EC0DDA2009C2413 /* Sources */,
				713A92C31EC0DDA2009C2413 /* Frameworks */,
				713A92C41EC0DDA2009C2413 /* Resources */,
				7C9CA66BE36908D417153A06 /* [CP] Embed Pods Frameworks */,
				63107D38F7AA35C81C4B700B /* [CP] Copy Pods Resources */,
				713A93141EC233B5009C2413 /* Embed Watch Content */,
			);
			buildRules = (
			);
			dependencies = (
				713A930B1EC233B5009C2413 /* PBXTargetDependency */,
			);
			name = CrossPlatformToDoList;
			productName = CrossPlatformToDoList;
			productReference = 713A92C61EC0DDA2009C2413 /* CrossPlatformToDoList.app */;
			productType = "com.apple.product-type.application";
		};
		713A92EF1EC233B5009C2413 /* Watchkit-todo-list */ = {
			isa = PBXNativeTarget;
			buildConfigurationList = 713A93111EC233B5009C2413 /* Build configuration list for PBXNativeTarget "Watchkit-todo-list" */;
			buildPhases = (
				713A92EE1EC233B5009C2413 /* Resources */,
				713A93101EC233B5009C2413 /* Embed App Extensions */,
			);
			buildRules = (
			);
			dependencies = (
				713A92FF1EC233B5009C2413 /* PBXTargetDependency */,
			);
			name = "Watchkit-todo-list";
			productName = "Watchkit-todo-list";
			productReference = 713A92F01EC233B5009C2413 /* Watchkit-todo-list.app */;
			productType = "com.apple.product-type.application.watchapp2";
		};
		713A92FB1EC233B5009C2413 /* Watchkit-todo-list Extension */ = {
			isa = PBXNativeTarget;
			buildConfigurationList = 713A930D1EC233B5009C2413 /* Build configuration list for PBXNativeTarget "Watchkit-todo-list Extension" */;
			buildPhases = (
				713A92F81EC233B5009C2413 /* Sources */,
				713A92F91EC233B5009C2413 /* Frameworks */,
				713A92FA1EC233B5009C2413 /* Resources */,
			);
			buildRules = (
			);
			dependencies = (
			);
			name = "Watchkit-todo-list Extension";
			productName = "Watchkit-todo-list Extension";
			productReference = 713A92FC1EC233B5009C2413 /* Watchkit-todo-list Extension.appex */;
			productType = "com.apple.product-type.watchkit2-extension";
		};
		713A931C1EC246C1009C2413 /* TV-todo-list */ = {
			isa = PBXNativeTarget;
			buildConfigurationList = 713A932E1EC246C1009C2413 /* Build configuration list for PBXNativeTarget "TV-todo-list" */;
			buildPhases = (
				713A93191EC246C1009C2413 /* Sources */,
				713A931A1EC246C1009C2413 /* Frameworks */,
				713A931B1EC246C1009C2413 /* Resources */,
			);
			buildRules = (
			);
			dependencies = (
			);
			name = "TV-todo-list";
			productName = "TV-todo-list";
			productReference = 713A931D1EC246C1009C2413 /* TV-todo-list.app */;
			productType = "com.apple.product-type.application";
		};
/* End PBXNativeTarget section */

/* Begin PBXProject section */
		713A92BE1EC0DDA2009C2413 /* Project object */ = {
			isa = PBXProject;
			attributes = {
				LastUpgradeCheck = 0830;
				ORGANIZATIONNAME = "Brandon Little";
				TargetAttributes = {
					713A92C51EC0DDA2009C2413 = {
						CreatedOnToolsVersion = 8.3.2;
						DevelopmentTeam = PQL3EX4TE2;
						ProvisioningStyle = Automatic;
					};
					713A92EF1EC233B5009C2413 = {
						CreatedOnToolsVersion = 8.3.2;
						DevelopmentTeam = PQL3EX4TE2;
						ProvisioningStyle = Automatic;
					};
					713A92FB1EC233B5009C2413 = {
						CreatedOnToolsVersion = 8.3.2;
						DevelopmentTeam = PQL3EX4TE2;
						ProvisioningStyle = Automatic;
					};
					713A931C1EC246C1009C2413 = {
						CreatedOnToolsVersion = 8.3.2;
						DevelopmentTeam = PQL3EX4TE2;
						ProvisioningStyle = Automatic;
					};
				};
			};
			buildConfigurationList = 713A92C11EC0DDA2009C2413 /* Build configuration list for PBXProject "CrossPlatformToDoList" */;
			compatibilityVersion = "Xcode 3.2";
			developmentRegion = English;
			hasScannedForEncodings = 0;
			knownRegions = (
				en,
				Base,
			);
			mainGroup = 713A92BD1EC0DDA2009C2413;
			productRefGroup = 713A92C71EC0DDA2009C2413 /* Products */;
			projectDirPath = "";
			projectRoot = "";
			targets = (
				713A92C51EC0DDA2009C2413 /* CrossPlatformToDoList */,
				713A92EF1EC233B5009C2413 /* Watchkit-todo-list */,
				713A92FB1EC233B5009C2413 /* Watchkit-todo-list Extension */,
				713A931C1EC246C1009C2413 /* TV-todo-list */,
			);
		};
/* End PBXProject section */

/* Begin PBXResourcesBuildPhase section */
		713A92C41EC0DDA2009C2413 /* Resources */ = {
			isa = PBXResourcesBuildPhase;
			buildActionMask = 2147483647;
			files = (
				713A92D91EC0DDA2009C2413 /* LaunchScreen.storyboard in Resources */,
				713A92E11EC0DFF8009C2413 /* GoogleService-Info.plist in Resources */,
				713A92D61EC0DDA2009C2413 /* Assets.xcassets in Resources */,
				713A92D41EC0DDA2009C2413 /* Main.storyboard in Resources */,
			);
			runOnlyForDeploymentPostprocessing = 0;
		};
		713A92EE1EC233B5009C2413 /* Resources */ = {
			isa = PBXResourcesBuildPhase;
			buildActionMask = 2147483647;
			files = (
				713A92F61EC233B5009C2413 /* Assets.xcassets in Resources */,
				713A92F41EC233B5009C2413 /* Interface.storyboard in Resources */,
			);
			runOnlyForDeploymentPostprocessing = 0;
		};
		713A92FA1EC233B5009C2413 /* Resources */ = {
			isa = PBXResourcesBuildPhase;
			buildActionMask = 2147483647;
			files = (
				713A93081EC233B5009C2413 /* Assets.xcassets in Resources */,
			);
			runOnlyForDeploymentPostprocessing = 0;
		};
		713A931B1EC246C1009C2413 /* Resources */ = {
			isa = PBXResourcesBuildPhase;
			buildActionMask = 2147483647;
			files = (
				713A932C1EC246C1009C2413 /* Assets.xcassets in Resources */,
				713A932A1EC246C1009C2413 /* Main.storyboard in Resources */,
			);
			runOnlyForDeploymentPostprocessing = 0;
		};
/* End PBXResourcesBuildPhase section */

/* Begin PBXShellScriptBuildPhase section */
		63107D38F7AA35C81C4B700B /* [CP] Copy Pods Resources */ = {
			isa = PBXShellScriptBuildPhase;
			buildActionMask = 2147483647;
			files = (
			);
			inputPaths = (
			);
			name = "[CP] Copy Pods Resources";
			outputPaths = (
			);
			runOnlyForDeploymentPostprocessing = 0;
			shellPath = /bin/sh;
			shellScript = "\"${SRCROOT}/Pods/Target Support Files/Pods-CrossPlatformToDoList/Pods-CrossPlatformToDoList-resources.sh\"\n";
			showEnvVarsInLog = 0;
		};
		7C9CA66BE36908D417153A06 /* [CP] Embed Pods Frameworks */ = {
			isa = PBXShellScriptBuildPhase;
			buildActionMask = 2147483647;
			files = (
			);
			inputPaths = (
			);
			name = "[CP] Embed Pods Frameworks";
			outputPaths = (
			);
			runOnlyForDeploymentPostprocessing = 0;
			shellPath = /bin/sh;
			shellScript = "\"${SRCROOT}/Pods/Target Support Files/Pods-CrossPlatformToDoList/Pods-CrossPlatformToDoList-frameworks.sh\"\n";
			showEnvVarsInLog = 0;
		};
		C4B6890AC5EFD562BEB4A127 /* [CP] Check Pods Manifest.lock */ = {
			isa = PBXShellScriptBuildPhase;
			buildActionMask = 2147483647;
			files = (
			);
			inputPaths = (
			);
			name = "[CP] Check Pods Manifest.lock";
			outputPaths = (
			);
			runOnlyForDeploymentPostprocessing = 0;
			shellPath = /bin/sh;
			shellScript = "diff \"${PODS_ROOT}/../Podfile.lock\" \"${PODS_ROOT}/Manifest.lock\" > /dev/null\nif [ $? != 0 ] ; then\n    # print error to STDERR\n    echo \"error: The sandbox is not in sync with the Podfile.lock. Run 'pod install' or update your CocoaPods installation.\" >&2\n    exit 1\nfi\n";
			showEnvVarsInLog = 0;
		};
/* End PBXShellScriptBuildPhase section */

/* Begin PBXSourcesBuildPhase section */
		713A92C21EC0DDA2009C2413 /* Sources */ = {
			isa = PBXSourcesBuildPhase;
			buildActionMask = 2147483647;
			files = (
				713A92E41EC0EBCA009C2413 /* LoginViewController.m in Sources */,
				713A92ED1EC13B98009C2413 /* Todo.m in Sources */,
				713A92D11EC0DDA2009C2413 /* ViewController.m in Sources */,
				713A92CE1EC0DDA2009C2413 /* AppDelegate.m in Sources */,
				713A92E71EC10E66009C2413 /* NewTodoViewController.m in Sources */,
				713A92CB1EC0DDA2009C2413 /* main.m in Sources */,
			);
			runOnlyForDeploymentPostprocessing = 0;
		};
		713A92F81EC233B5009C2413 /* Sources */ = {
			isa = PBXSourcesBuildPhase;
			buildActionMask = 2147483647;
			files = (
				713A93061EC233B5009C2413 /* ExtensionDelegate.m in Sources */,
				713A93031EC233B5009C2413 /* InterfaceController.m in Sources */,
				713A93171EC23F3C009C2413 /* TodoRowController.m in Sources */,
				713A93181EC2427A009C2413 /* Todo.m in Sources */,
			);
			runOnlyForDeploymentPostprocessing = 0;
		};
		713A93191EC246C1009C2413 /* Sources */ = {
			isa = PBXSourcesBuildPhase;
			buildActionMask = 2147483647;
			files = (
				713A93241EC246C1009C2413 /* AppDelegate.m in Sources */,
				713A93211EC246C1009C2413 /* main.m in Sources */,
				713A93331EC248B4009C2413 /* TVHomeViewController.m in Sources */,
				713A93341EC249C7009C2413 /* Todo.m in Sources */,
			);
			runOnlyForDeploymentPostprocessing = 0;
		};
/* End PBXSourcesBuildPhase section */

/* Begin PBXTargetDependency section */
		713A92FF1EC233B5009C2413 /* PBXTargetDependency */ = {
			isa = PBXTargetDependency;
			target = 713A92FB1EC233B5009C2413 /* Watchkit-todo-list Extension */;
			targetProxy = 713A92FE1EC233B5009C2413 /* PBXContainerItemProxy */;
		};
		713A930B1EC233B5009C2413 /* PBXTargetDependency */ = {
			isa = PBXTargetDependency;
			target = 713A92EF1EC233B5009C2413 /* Watchkit-todo-list */;
			targetProxy = 713A930A1EC233B5009C2413 /* PBXContainerItemProxy */;
		};
/* End PBXTargetDependency section */

/* Begin PBXVariantGroup section */
		713A92D21EC0DDA2009C2413 /* Main.storyboard */ = {
			isa = PBXVariantGroup;
			children = (
				713A92D31EC0DDA2009C2413 /* Base */,
			);
			name = Main.storyboard;
			sourceTree = "<group>";
		};
		713A92D71EC0DDA2009C2413 /* LaunchScreen.storyboard */ = {
			isa = PBXVariantGroup;
			children = (
				713A92D81EC0DDA2009C2413 /* Base */,
			);
			name = LaunchScreen.storyboard;
			sourceTree = "<group>";
		};
		713A92F21EC233B5009C2413 /* Interface.storyboard */ = {
			isa = PBXVariantGroup;
			children = (
				713A92F31EC233B5009C2413 /* Base */,
			);
			name = Interface.storyboard;
			sourceTree = "<group>";
		};
		713A93281EC246C1009C2413 /* Main.storyboard */ = {
			isa = PBXVariantGroup;
			children = (
				713A93291EC246C1009C2413 /* Base */,
			);
			name = Main.storyboard;
			sourceTree = "<group>";
		};
/* End PBXVariantGroup section */

/* Begin XCBuildConfiguration section */
		713A92DB1EC0DDA2009C2413 /* Debug */ = {
			isa = XCBuildConfiguration;
			buildSettings = {
				ALWAYS_SEARCH_USER_PATHS = NO;
				CLANG_ANALYZER_NONNULL = YES;
				CLANG_ANALYZER_NUMBER_OBJECT_CONVERSION = YES_AGGRESSIVE;
				CLANG_CXX_LANGUAGE_STANDARD = "gnu++0x";
				CLANG_CXX_LIBRARY = "libc++";
				CLANG_ENABLE_MODULES = YES;
				CLANG_ENABLE_OBJC_ARC = YES;
				CLANG_WARN_BOOL_CONVERSION = YES;
				CLANG_WARN_CONSTANT_CONVERSION = YES;
				CLANG_WARN_DIRECT_OBJC_ISA_USAGE = YES_ERROR;
				CLANG_WARN_DOCUMENTATION_COMMENTS = YES;
				CLANG_WARN_EMPTY_BODY = YES;
				CLANG_WARN_ENUM_CONVERSION = YES;
				CLANG_WARN_INFINITE_RECURSION = YES;
				CLANG_WARN_INT_CONVERSION = YES;
				CLANG_WARN_OBJC_ROOT_CLASS = YES_ERROR;
				CLANG_WARN_SUSPICIOUS_MOVE = YES;
				CLANG_WARN_UNREACHABLE_CODE = YES;
				CLANG_WARN__DUPLICATE_METHOD_MATCH = YES;
				"CODE_SIGN_IDENTITY[sdk=iphoneos*]" = "iPhone Developer";
				COPY_PHASE_STRIP = NO;
				DEBUG_INFORMATION_FORMAT = dwarf;
				ENABLE_STRICT_OBJC_MSGSEND = YES;
				ENABLE_TESTABILITY = YES;
				GCC_C_LANGUAGE_STANDARD = gnu99;
				GCC_DYNAMIC_NO_PIC = NO;
				GCC_NO_COMMON_BLOCKS = YES;
				GCC_OPTIMIZATION_LEVEL = 0;
				GCC_PREPROCESSOR_DEFINITIONS = (
					"DEBUG=1",
					"$(inherited)",
				);
				GCC_WARN_64_TO_32_BIT_CONVERSION = YES;
				GCC_WARN_ABOUT_RETURN_TYPE = YES_ERROR;
				GCC_WARN_UNDECLARED_SELECTOR = YES;
				GCC_WARN_UNINITIALIZED_AUTOS = YES_AGGRESSIVE;
				GCC_WARN_UNUSED_FUNCTION = YES;
				GCC_WARN_UNUSED_VARIABLE = YES;
				IPHONEOS_DEPLOYMENT_TARGET = 10.3;
				MTL_ENABLE_DEBUG_INFO = YES;
				ONLY_ACTIVE_ARCH = YES;
				SDKROOT = iphoneos;
				TARGETED_DEVICE_FAMILY = "1,2";
			};
			name = Debug;
		};
		713A92DC1EC0DDA2009C2413 /* Release */ = {
			isa = XCBuildConfiguration;
			buildSettings = {
				ALWAYS_SEARCH_USER_PATHS = NO;
				CLANG_ANALYZER_NONNULL = YES;
				CLANG_ANALYZER_NUMBER_OBJECT_CONVERSION = YES_AGGRESSIVE;
				CLANG_CXX_LANGUAGE_STANDARD = "gnu++0x";
				CLANG_CXX_LIBRARY = "libc++";
				CLANG_ENABLE_MODULES = YES;
				CLANG_ENABLE_OBJC_ARC = YES;
				CLANG_WARN_BOOL_CONVERSION = YES;
				CLANG_WARN_CONSTANT_CONVERSION = YES;
				CLANG_WARN_DIRECT_OBJC_ISA_USAGE = YES_ERROR;
				CLANG_WARN_DOCUMENTATION_COMMENTS = YES;
				CLANG_WARN_EMPTY_BODY = YES;
				CLANG_WARN_ENUM_CONVERSION = YES;
				CLANG_WARN_INFINITE_RECURSION = YES;
				CLANG_WARN_INT_CONVERSION = YES;
				CLANG_WARN_OBJC_ROOT_CLASS = YES_ERROR;
				CLANG_WARN_SUSPICIOUS_MOVE = YES;
				CLANG_WARN_UNREACHABLE_CODE = YES;
				CLANG_WARN__DUPLICATE_METHOD_MATCH = YES;
				"CODE_SIGN_IDENTITY[sdk=iphoneos*]" = "iPhone Developer";
				COPY_PHASE_STRIP = NO;
				DEBUG_INFORMATION_FORMAT = "dwarf-with-dsym";
				ENABLE_NS_ASSERTIONS = NO;
				ENABLE_STRICT_OBJC_MSGSEND = YES;
				GCC_C_LANGUAGE_STANDARD = gnu99;
				GCC_NO_COMMON_BLOCKS = YES;
				GCC_WARN_64_TO_32_BIT_CONVERSION = YES;
				GCC_WARN_ABOUT_RETURN_TYPE = YES_ERROR;
				GCC_WARN_UNDECLARED_SELECTOR = YES;
				GCC_WARN_UNINITIALIZED_AUTOS = YES_AGGRESSIVE;
				GCC_WARN_UNUSED_FUNCTION = YES;
				GCC_WARN_UNUSED_VARIABLE = YES;
				IPHONEOS_DEPLOYMENT_TARGET = 10.3;
				MTL_ENABLE_DEBUG_INFO = NO;
				SDKROOT = iphoneos;
				TARGETED_DEVICE_FAMILY = "1,2";
				VALIDATE_PRODUCT = YES;
			};
			name = Release;
		};
		713A92DE1EC0DDA2009C2413 /* Debug */ = {
			isa = XCBuildConfiguration;
			baseConfigurationReference = E5F04E52D8EC02875E1F7008 /* Pods-CrossPlatformToDoList.debug.xcconfig */;
			buildSettings = {
				ASSETCATALOG_COMPILER_APPICON_NAME = AppIcon;
				DEVELOPMENT_TEAM = PQL3EX4TE2;
				INFOPLIST_FILE = CrossPlatformToDoList/Info.plist;
				LD_RUNPATH_SEARCH_PATHS = "$(inherited) @executable_path/Frameworks";
				PRODUCT_BUNDLE_IDENTIFIER = com.brandonlittle.CrossPlatformToDoList;
				PRODUCT_NAME = "$(TARGET_NAME)";
			};
			name = Debug;
		};
		713A92DF1EC0DDA2009C2413 /* Release */ = {
			isa = XCBuildConfiguration;
			baseConfigurationReference = F64A44B2AB73856C4877B0AF /* Pods-CrossPlatformToDoList.release.xcconfig */;
			buildSettings = {
				ASSETCATALOG_COMPILER_APPICON_NAME = AppIcon;
				DEVELOPMENT_TEAM = PQL3EX4TE2;
				INFOPLIST_FILE = CrossPlatformToDoList/Info.plist;
				LD_RUNPATH_SEARCH_PATHS = "$(inherited) @executable_path/Frameworks";
				PRODUCT_BUNDLE_IDENTIFIER = com.brandonlittle.CrossPlatformToDoList;
				PRODUCT_NAME = "$(TARGET_NAME)";
			};
			name = Release;
		};
		713A930E1EC233B5009C2413 /* Debug */ = {
			isa = XCBuildConfiguration;
			buildSettings = {
				ASSETCATALOG_COMPILER_COMPLICATION_NAME = Complication;
				DEVELOPMENT_TEAM = PQL3EX4TE2;
				INFOPLIST_FILE = "Watchkit-todo-list Extension/Info.plist";
				LD_RUNPATH_SEARCH_PATHS = "$(inherited) @executable_path/Frameworks @executable_path/../../Frameworks";
				PRODUCT_BUNDLE_IDENTIFIER = com.brandonlittle.CrossPlatformToDoList.watchkitapp.watchkitextension;
				PRODUCT_NAME = "${TARGET_NAME}";
				SDKROOT = watchos;
				SKIP_INSTALL = YES;
				TARGETED_DEVICE_FAMILY = 4;
				WATCHOS_DEPLOYMENT_TARGET = 3.2;
			};
			name = Debug;
		};
		713A930F1EC233B5009C2413 /* Release */ = {
			isa = XCBuildConfiguration;
			buildSettings = {
				ASSETCATALOG_COMPILER_COMPLICATION_NAME = Complication;
				DEVELOPMENT_TEAM = PQL3EX4TE2;
				INFOPLIST_FILE = "Watchkit-todo-list Extension/Info.plist";
				LD_RUNPATH_SEARCH_PATHS = "$(inherited) @executable_path/Frameworks @executable_path/../../Frameworks";
				PRODUCT_BUNDLE_IDENTIFIER = com.brandonlittle.CrossPlatformToDoList.watchkitapp.watchkitextension;
				PRODUCT_NAME = "${TARGET_NAME}";
				SDKROOT = watchos;
				SKIP_INSTALL = YES;
				TARGETED_DEVICE_FAMILY = 4;
				WATCHOS_DEPLOYMENT_TARGET = 3.2;
			};
			name = Release;
		};
		713A93121EC233B5009C2413 /* Debug */ = {
			isa = XCBuildConfiguration;
			buildSettings = {
				ASSETCATALOG_COMPILER_APPICON_NAME = AppIcon;
				DEVELOPMENT_TEAM = PQL3EX4TE2;
				IBSC_MODULE = Watchkit_todo_list_Extension;
				INFOPLIST_FILE = "Watchkit-todo-list/Info.plist";
				PRODUCT_BUNDLE_IDENTIFIER = com.brandonlittle.CrossPlatformToDoList.watchkitapp;
				PRODUCT_NAME = "$(TARGET_NAME)";
				SDKROOT = watchos;
				SKIP_INSTALL = YES;
				TARGETED_DEVICE_FAMILY = 4;
				WATCHOS_DEPLOYMENT_TARGET = 3.2;
			};
			name = Debug;
		};
		713A93131EC233B5009C2413 /* Release */ = {
			isa = XCBuildConfiguration;
			buildSettings = {
				ASSETCATALOG_COMPILER_APPICON_NAME = AppIcon;
				DEVELOPMENT_TEAM = PQL3EX4TE2;
				IBSC_MODULE = Watchkit_todo_list_Extension;
				INFOPLIST_FILE = "Watchkit-todo-list/Info.plist";
				PRODUCT_BUNDLE_IDENTIFIER = com.brandonlittle.CrossPlatformToDoList.watchkitapp;
				PRODUCT_NAME = "$(TARGET_NAME)";
				SDKROOT = watchos;
				SKIP_INSTALL = YES;
				TARGETED_DEVICE_FAMILY = 4;
				WATCHOS_DEPLOYMENT_TARGET = 3.2;
			};
			name = Release;
		};
		713A932F1EC246C1009C2413 /* Debug */ = {
			isa = XCBuildConfiguration;
			buildSettings = {
				ASSETCATALOG_COMPILER_APPICON_NAME = "App Icon & Top Shelf Image";
				ASSETCATALOG_COMPILER_LAUNCHIMAGE_NAME = LaunchImage;
				DEVELOPMENT_TEAM = PQL3EX4TE2;
				INFOPLIST_FILE = "TV-todo-list/Info.plist";
				LD_RUNPATH_SEARCH_PATHS = "$(inherited) @executable_path/Frameworks";
				PRODUCT_BUNDLE_IDENTIFIER = "com.brandonlittle.TV-todo-list";
				PRODUCT_NAME = "$(TARGET_NAME)";
				SDKROOT = appletvos;
				TARGETED_DEVICE_FAMILY = 3;
				TVOS_DEPLOYMENT_TARGET = 10.2;
			};
			name = Debug;
		};
		713A93301EC246C1009C2413 /* Release */ = {
			isa = XCBuildConfiguration;
			buildSettings = {
				ASSETCATALOG_COMPILER_APPICON_NAME = "App Icon & Top Shelf Image";
				ASSETCATALOG_COMPILER_LAUNCHIMAGE_NAME = LaunchImage;
				DEVELOPMENT_TEAM = PQL3EX4TE2;
				INFOPLIST_FILE = "TV-todo-list/Info.plist";
				LD_RUNPATH_SEARCH_PATHS = "$(inherited) @executable_path/Frameworks";
				PRODUCT_BUNDLE_IDENTIFIER = "com.brandonlittle.TV-todo-list";
				PRODUCT_NAME = "$(TARGET_NAME)";
				SDKROOT = appletvos;
				TARGETED_DEVICE_FAMILY = 3;
				TVOS_DEPLOYMENT_TARGET = 10.2;
			};
			name = Release;
		};
/* End XCBuildConfiguration section */

/* Begin XCConfigurationList section */
		713A92C11EC0DDA2009C2413 /* Build configuration list for PBXProject "CrossPlatformToDoList" */ = {
			isa = XCConfigurationList;
			buildConfigurations = (
				713A92DB1EC0DDA2009C2413 /* Debug */,
				713A92DC1EC0DDA2009C2413 /* Release */,
			);
			defaultConfigurationIsVisible = 0;
			defaultConfigurationName = Release;
		};
		713A92DD1EC0DDA2009C2413 /* Build configuration list for PBXNativeTarget "CrossPlatformToDoList" */ = {
			isa = XCConfigurationList;
			buildConfigurations = (
				713A92DE1EC0DDA2009C2413 /* Debug */,
				713A92DF1EC0DDA2009C2413 /* Release */,
			);
			defaultConfigurationIsVisible = 0;
			defaultConfigurationName = Release;
		};
		713A930D1EC233B5009C2413 /* Build configuration list for PBXNativeTarget "Watchkit-todo-list Extension" */ = {
			isa = XCConfigurationList;
			buildConfigurations = (
				713A930E1EC233B5009C2413 /* Debug */,
				713A930F1EC233B5009C2413 /* Release */,
			);
			defaultConfigurationIsVisible = 0;
		};
		713A93111EC233B5009C2413 /* Build configuration list for PBXNativeTarget "Watchkit-todo-list" */ = {
			isa = XCConfigurationList;
			buildConfigurations = (
				713A93121EC233B5009C2413 /* Debug */,
				713A93131EC233B5009C2413 /* Release */,
			);
			defaultConfigurationIsVisible = 0;
		};
		713A932E1EC246C1009C2413 /* Build configuration list for PBXNativeTarget "TV-todo-list" */ = {
			isa = XCConfigurationList;
			buildConfigurations = (
				713A932F1EC246C1009C2413 /* Debug */,
				713A93301EC246C1009C2413 /* Release */,
			);
			defaultConfigurationIsVisible = 0;
		};
/* End XCConfigurationList section */
	};
	rootObject = 713A92BE1EC0DDA2009C2413 /* Project object */;
}
